
Microsoft Visual Studio Solution File, Format Version 12.00
# Visual Studio 14
VisualStudioVersion = 14.0.25420.1
MinimumVisualStudioVersion = 10.0.40219.1
Project("{2150E333-8FDC-42A3-9474-1A3956D46DE8}") = "DAL", "DAL", "{EAAC3B69-BC25-448F-AB9D-428DB8C4783B}"
EndProject
Project("{FAE04EC0-301F-11D3-BF4B-00C04F79EFBC}") = "ProductsAndCategories.Data", "ProductsAndCategories.Data\ProductsAndCategories.Data.csproj", "{7B8D1BF7-582A-4C6E-A595-AD320359779B}"
EndProject
Project("{FAE04EC0-301F-11D3-BF4B-00C04F79EFBC}") = "ProductsAndCategories.Ordering.Data", "ProductsAndCategories.Ordering.Data\ProductsAndCategories.Ordering.Data.csproj", "{E5F658B1-15DB-4DD7-9E88-F14F4A9A618C}"
EndProject
Project("{FAE04EC0-301F-11D3-BF4B-00C04F79EFBC}") = "ProductsAndCategories.BusinessObject", "ProductsAndCategories.BusinessObject\ProductsAndCategories.BusinessObject.csproj", "{38CAE2F6-A725-4961-9A5E-6E0888FED3EA}"
EndProject
Project("{FAE04EC0-301F-11D3-BF4B-00C04F79EFBC}") = "GlobalConstants", "GlobalConstants\GlobalConstants.csproj", "{04D32AC9-2015-4718-AEF9-F3FF8EC444E8}"
EndProject
Project("{2150E333-8FDC-42A3-9474-1A3956D46DE8}") = "Client", "Client", "{EC120990-67BD-4E46-B3A6-9EEB2225C17C}"
EndProject
Project("{FAE04EC0-301F-11D3-BF4B-00C04F79EFBC}") = "ProductsAndCategories.Client.App", "ProductsAndCategories.Client.App\ProductsAndCategories.Client.App.csproj", "{2D7DC641-EBF9-46E0-9550-BE6D18A7D7F8}"
EndProject
Global
	GlobalSection(SolutionConfigurationPlatforms) = preSolution
		Debug|Any CPU = Debug|Any CPU
		Release|Any CPU = Release|Any CPU
	EndGlobalSection
	GlobalSection(ProjectConfigurationPlatforms) = postSolution
		{7B8D1BF7-582A-4C6E-A595-AD320359779B}.Debug|Any CPU.ActiveCfg = Debug|Any CPU
		{7B8D1BF7-582A-4C6E-A595-AD320359779B}.Debug|Any CPU.Build.0 = Debug|Any CPU
		{7B8D1BF7-582A-4C6E-A595-AD320359779B}.Release|Any CPU.ActiveCfg = Release|Any CPU
		{7B8D1BF7-582A-4C6E-A595-AD320359779B}.Release|Any CPU.Build.0 = Release|Any CPU
		{E5F658B1-15DB-4DD7-9E88-F14F4A9A618C}.Debug|Any CPU.ActiveCfg = Debug|Any CPU
		{E5F658B1-15DB-4DD7-9E88-F14F4A9A618C}.Debug|Any CPU.Build.0 = Debug|Any CPU
		{E5F658B1-15DB-4DD7-9E88-F14F4A9A618C}.Release|Any CPU.ActiveCfg = Release|Any CPU
		{E5F658B1-15DB-4DD7-9E88-F14F4A9A618C}.Release|Any CPU.Build.0 = Release|Any CPU
		{38CAE2F6-A725-4961-9A5E-6E0888FED3EA}.Debug|Any CPU.ActiveCfg = Debug|Any CPU
		{38CAE2F6-A725-4961-9A5E-6E0888FED3EA}.Debug|Any CPU.Build.0 = Debug|Any CPU
		{38CAE2F6-A725-4961-9A5E-6E0888FED3EA}.Release|Any CPU.ActiveCfg = Release|Any CPU
		{38CAE2F6-A725-4961-9A5E-6E0888FED3EA}.Release|Any CPU.Build.0 = Release|Any CPU
		{04D32AC9-2015-4718-AEF9-F3FF8EC444E8}.Debug|Any CPU.ActiveCfg = Debug|Any CPU
		{04D32AC9-2015-4718-AEF9-F3FF8EC444E8}.Debug|Any CPU.Build.0 = Debug|Any CPU
		{04D32AC9-2015-4718-AEF9-F3FF8EC444E8}.Release|Any CPU.ActiveCfg = Release|Any CPU
		{04D32AC9-2015-4718-AEF9-F3FF8EC444E8}.Release|Any CPU.Build.0 = Release|Any CPU
		{2D7DC641-EBF9-46E0-9550-BE6D18A7D7F8}.Debug|Any CPU.ActiveCfg = Debug|Any CPU
		{2D7DC641-EBF9-46E0-9550-BE6D18A7D7F8}.Debug|Any CPU.Build.0 = Debug|Any CPU
		{2D7DC641-EBF9-46E0-9550-BE6D18A7D7F8}.Release|Any CPU.ActiveCfg = Release|Any CPU
		{2D7DC641-EBF9-46E0-9550-BE6D18A7D7F8}.Release|Any CPU.Build.0 = Release|Any CPU
	EndGlobalSection
	GlobalSection(SolutionProperties) = preSolution
		HideSolutionNode = FALSE
	EndGlobalSection
	GlobalSection(NestedProjects) = preSolution
		{7B8D1BF7-582A-4C6E-A595-AD320359779B} = {EAAC3B69-BC25-448F-AB9D-428DB8C4783B}
		{E5F658B1-15DB-4DD7-9E88-F14F4A9A618C} = {EAAC3B69-BC25-448F-AB9D-428DB8C4783B}
		{38CAE2F6-A725-4961-9A5E-6E0888FED3EA} = {EAAC3B69-BC25-448F-AB9D-428DB8C4783B}
		{2D7DC641-EBF9-46E0-9550-BE6D18A7D7F8} = {EC120990-67BD-4E46-B3A6-9EEB2225C17C}
	EndGlobalSection
EndGlobal
